
Microsoft Visual Studio Solution File, Format Version 12.00
# Visual Studio 14
VisualStudioVersion = 14.0.25420.1
MinimumVisualStudioVersion = 10.0.40219.1
Project("{FAE04EC0-301F-11D3-BF4B-00C04F79EFBC}") = "ConsoleApplication1", "ConsoleApplication1\ConsoleApplication1.csproj", "{0DF63803-FC44-4729-B576-3742EB8A1C81}"
EndProject
Project("{FAE04EC0-301F-11D3-BF4B-00C04F79EFBC}") = "ConsoleApplication1Tests", "ConsoleApplication1Tests\ConsoleApplication1Tests.csproj", "{4C56C5A3-2F39-49D6-89DD-AAC13C48DDFB}"
EndProject
Global
	GlobalSection(SolutionConfigurationPlatforms) = preSolution
		Debug|Any CPU = Debug|Any CPU
		Release|Any CPU = Release|Any CPU
	EndGlobalSection
	GlobalSection(ProjectConfigurationPlatforms) = postSolution
		{0DF63803-FC44-4729-B576-3742EB8A1C81}.Debug|Any CPU.ActiveCfg = Debug|Any CPU
		{0DF63803-FC44-4729-B576-3742EB8A1C81}.Debug|Any CPU.Build.0 = Debug|Any CPU
		{0DF63803-FC44-4729-B576-3742EB8A1C81}.Release|Any CPU.ActiveCfg = Release|Any CPU
		{0DF63803-FC44-4729-B576-3742EB8A1C81}.Release|Any CPU.Build.0 = Release|Any CPU
		{4C56C5A3-2F39-49D6-89DD-AAC13C48DDFB}.Debug|Any CPU.ActiveCfg = Debug|Any CPU
		{4C56C5A3-2F39-49D6-89DD-AAC13C48DDFB}.Debug|Any CPU.Build.0 = Debug|Any CPU
		{4C56C5A3-2F39-49D6-89DD-AAC13C48DDFB}.Release|Any CPU.ActiveCfg = Release|Any CPU
		{4C56C5A3-2F39-49D6-89DD-AAC13C48DDFB}.Release|Any CPU.Build.0 = Release|Any CPU
	EndGlobalSection
	GlobalSection(SolutionProperties) = preSolution
		HideSolutionNode = FALSE
	EndGlobalSection
EndGlobal
